
Microsoft Visual Studio Solution File, Format Version 12.00
# Visual Studio 2013
VisualStudioVersion = 12.0.30324.0
MinimumVisualStudioVersion = 10.0.40219.1
Project("{FAE04EC0-301F-11D3-BF4B-00C04F79EFBC}") = "NWhisper", "NWhisper.csproj", "{4A5C8E47-0994-4057-B38F-2B33F8F4E56C}"
EndProject
Project("{FAE04EC0-301F-11D3-BF4B-00C04F79EFBC}") = "NWhisper.Tests", "..\NWhisper.Tests\NWhisper.Tests.csproj", "{FD4DB787-0E0F-47C1-8569-E2AC5E07C68C}"
EndProject
Global
	GlobalSection(SolutionConfigurationPlatforms) = preSolution
		Debug|Any CPU = Debug|Any CPU
		Release|Any CPU = Release|Any CPU
	EndGlobalSection
	GlobalSection(ProjectConfigurationPlatforms) = postSolution
		{4A5C8E47-0994-4057-B38F-2B33F8F4E56C}.Debug|Any CPU.ActiveCfg = Debug|Any CPU
		{4A5C8E47-0994-4057-B38F-2B33F8F4E56C}.Debug|Any CPU.Build.0 = Debug|Any CPU
		{4A5C8E47-0994-4057-B38F-2B33F8F4E56C}.Release|Any CPU.ActiveCfg = Release|Any CPU
		{4A5C8E47-0994-4057-B38F-2B33F8F4E56C}.Release|Any CPU.Build.0 = Release|Any CPU
		{FD4DB787-0E0F-47C1-8569-E2AC5E07C68C}.Debug|Any CPU.ActiveCfg = Debug|Any CPU
		{FD4DB787-0E0F-47C1-8569-E2AC5E07C68C}.Debug|Any CPU.Build.0 = Debug|Any CPU
		{FD4DB787-0E0F-47C1-8569-E2AC5E07C68C}.Release|Any CPU.ActiveCfg = Release|Any CPU
		{FD4DB787-0E0F-47C1-8569-E2AC5E07C68C}.Release|Any CPU.Build.0 = Release|Any CPU
	EndGlobalSection
	GlobalSection(SolutionProperties) = preSolution
		HideSolutionNode = FALSE
	EndGlobalSection
EndGlobal
